
Microsoft Visual Studio Solution File, Format Version 12.00
# Visual Studio Version 17
VisualStudioVersion = 17.10.35122.118
MinimumVisualStudioVersion = 10.0.40219.1
Project("{FAE04EC0-301F-11D3-BF4B-00C04F79EFBC}") = "TaskAppManager1", "TaskAppManager1.csproj", "{AE427A5C-F515-465E-8B73-BF3DEBED815B}"
EndProject
Global
	GlobalSection(SolutionConfigurationPlatforms) = preSolution
		Debug|Any CPU = Debug|Any CPU
		Release|Any CPU = Release|Any CPU
	EndGlobalSection
	GlobalSection(ProjectConfigurationPlatforms) = postSolution
		{AE427A5C-F515-465E-8B73-BF3DEBED815B}.Debug|Any CPU.ActiveCfg = Debug|Any CPU
		{AE427A5C-F515-465E-8B73-BF3DEBED815B}.Debug|Any CPU.Build.0 = Debug|Any CPU
		{AE427A5C-F515-465E-8B73-BF3DEBED815B}.Release|Any CPU.ActiveCfg = Release|Any CPU
		{AE427A5C-F515-465E-8B73-BF3DEBED815B}.Release|Any CPU.Build.0 = Release|Any CPU
	EndGlobalSection
	GlobalSection(SolutionProperties) = preSolution
		HideSolutionNode = FALSE
	EndGlobalSection
	GlobalSection(ExtensibilityGlobals) = postSolution
		SolutionGuid = {2E2A04C6-45EE-47BD-9A73-1D10BE1C317A}
	EndGlobalSection
EndGlobal
